{
  "originHash" : "375c546d80cf577add659aa38e2614ddb090738f10e6665e7bc1998c2f7de31a",
  "pins" : [
    {
      "identity" : "anycodable",
      "kind" : "remoteSourceControl",
      "location" : "https://github.com/Flight-School/AnyCodable",
      "state" : {
        "revision" : "862808b2070cd908cb04f9aafe7de83d35f81b05",
        "version" : "0.6.7"
      }
    },
    {
      "identity" : "sentry-cocoa",
      "kind" : "remoteSourceControl",
      "location" : "https://github.com/getsentry/sentry-cocoa.git",
      "state" : {
        "revision" : "d9df1c4e8d8466c7f8b3c56150378927dadf1b8e",
        "version" : "9.29.0"
      }
    },
    {
      "identity" : "skip",
      "kind" : "remoteSourceControl",
      "location" : "https://source.skip.tools/skip.git",
      "state" : {
        "revision" : "ec705c2b5edb1ab4de4554b1a35663bc238cabc7",
        "version" : "1.9.10"
      }
    },
    {
      "identity" : "skip-android-bridge",
      "kind" : "remoteSourceControl",
      "location" : "https://source.skip.tools/skip-android-bridge.git",
      "state" : {
        "revision" : "c62c6bca84719cbb7359384bd3591b6e6f2cf392",
        "version" : "0.6.6"
      }
    },
    {
      "identity" : "skip-bridge",
      "kind" : "remoteSourceControl",
      "location" : "https://source.skip.tools/skip-bridge.git",
      "state" : {
        "revision" : "3ec6897f3695543c1cd1200d3d6a149062bf39ee",
        "version" : "0.17.3"
      }
    },
    {
      "identity" : "skip-foundation",
      "kind" : "remoteSourceControl",
      "location" : "https://source.skip.tools/skip-foundation.git",
      "state" : {
        "revision" : "52a6fb0281df0d1e20e20108f87c67644833f5ba",
        "version" : "1.4.5"
      }
    },
    {
      "identity" : "skip-fuse",
      "kind" : "remoteSourceControl",
      "location" : "https://source.skip.tools/skip-fuse.git",
      "state" : {
        "revision" : "8b69bb0b5be7df880b8f9b3d2eb6659909a5b5c5",
        "version" : "1.0.3"
      }
    },
    {
      "identity" : "skip-fuse-ui",
      "kind" : "remoteSourceControl",
      "location" : "https://source.skip.tools/skip-fuse-ui.git",
      "state" : {
        "revision" : "fe515c6f0e249294e18ad16c8969ab37b7935b43",
        "version" : "1.18.2"
      }
    },
    {
      "identity" : "skip-lib",
      "kind" : "remoteSourceControl",
      "location" : "https://source.skip.tools/skip-lib.git",
      "state" : {
        "revision" : "c48b83bfb4eec38b0d68440dd5e65d64b467870d",
        "version" : "1.4.2"
      }
    },
    {
      "identity" : "skip-model",
      "kind" : "remoteSourceControl",
      "location" : "https://source.skip.tools/skip-model.git",
      "state" : {
        "revision" : "3de7c8315f35035a905225b9057d4272772aa0ef",
        "version" : "1.8.0"
      }
    },
    {
      "identity" : "skip-ui",
      "kind" : "remoteSourceControl",
      "location" : "https://source.skip.tools/skip-ui.git",
      "state" : {
        "revision" : "512a6bb0f7ef38546f7ce5854b7a4b4e330f53bf",
        "version" : "1.59.4"
      }
    },
    {
      "identity" : "skip-unit",
      "kind" : "remoteSourceControl",
      "location" : "https://source.skip.tools/skip-unit.git",
      "state" : {
        "revision" : "fc58e058f3d25675e047a758281c39dba5d52570",
        "version" : "1.7.2"
      }
    },
    {
      "identity" : "swift-android-native",
      "kind" : "remoteSourceControl",
      "location" : "https://source.skip.tools/swift-android-native.git",
      "state" : {
        "revision" : "ebce045115d87bcf69aecdcfbb2f09679f525bb2",
        "version" : "1.5.2"
      }
    },
    {
      "identity" : "swift-jni",
      "kind" : "remoteSourceControl",
      "location" : "https://source.skip.tools/swift-jni.git",
      "state" : {
        "revision" : "fe76ac21aca639976833b5ea3e875dc072519ac4",
        "version" : "0.5.0"
      }
    }
  ],
  "version" : 3
}
