PODS:
  - Alamofire (5.10.2)
  - Capacitor (7.6.5):
    - CapacitorCordova
  - CapacitorApp (7.1.2):
    - Capacitor
  - CapacitorBrowser (7.0.5):
    - Capacitor
  - CapacitorClipboard (7.0.4):
    - Capacitor
  - CapacitorCommunityKeepAwake (7.1.0):
    - Capacitor
  - CapacitorCommunityVolumeButtons (7.0.0):
    - Capacitor
  - CapacitorCordova (7.6.5)
  - CapacitorDialog (7.0.4):
    - Capacitor
  - CapacitorHaptics (7.0.5):
    - Capacitor
  - CapacitorNetwork (7.0.4):
    - Capacitor
  - CapacitorPreferences (7.0.4):
    - Capacitor
  - CapacitorStatusBar (7.0.6):
    - Capacitor
  - CordovaPlugins (6.2.1):
    - CapacitorCordova
  - Realm (10.54.6):
    - Realm/Headers (= 10.54.6)
  - Realm/Headers (10.54.6)
  - RealmSwift (10.54.6):
    - Realm (= 10.54.6)
  - WebnativellcCapacitorFilesharer (7.0.4):
    - Capacitor

DEPENDENCIES:
  - Alamofire (~> 5.5)
  - "Capacitor (from `../../node_modules/@capacitor/ios`)"
  - "CapacitorApp (from `../../node_modules/@capacitor/app`)"
  - "CapacitorBrowser (from `../../node_modules/@capacitor/browser`)"
  - "CapacitorClipboard (from `../../node_modules/@capacitor/clipboard`)"
  - "CapacitorCommunityKeepAwake (from `../../node_modules/@capacitor-community/keep-awake`)"
  - "CapacitorCommunityVolumeButtons (from `../../node_modules/@capacitor-community/volume-buttons`)"
  - "CapacitorCordova (from `../../node_modules/@capacitor/ios`)"
  - "CapacitorDialog (from `../../node_modules/@capacitor/dialog`)"
  - "CapacitorHaptics (from `../../node_modules/@capacitor/haptics`)"
  - "CapacitorNetwork (from `../../node_modules/@capacitor/network`)"
  - "CapacitorPreferences (from `../../node_modules/@capacitor/preferences`)"
  - "CapacitorStatusBar (from `../../node_modules/@capacitor/status-bar`)"
  - CordovaPlugins (from `../capacitor-cordova-ios-plugins`)
  - RealmSwift (~> 10)
  - "WebnativellcCapacitorFilesharer (from `../../node_modules/@webnativellc/capacitor-filesharer`)"

SPEC REPOS:
  trunk:
    - Alamofire
    - Realm
    - RealmSwift

EXTERNAL SOURCES:
  Capacitor:
    :path: "../../node_modules/@capacitor/ios"
  CapacitorApp:
    :path: "../../node_modules/@capacitor/app"
  CapacitorBrowser:
    :path: "../../node_modules/@capacitor/browser"
  CapacitorClipboard:
    :path: "../../node_modules/@capacitor/clipboard"
  CapacitorCommunityKeepAwake:
    :path: "../../node_modules/@capacitor-community/keep-awake"
  CapacitorCommunityVolumeButtons:
    :path: "../../node_modules/@capacitor-community/volume-buttons"
  CapacitorCordova:
    :path: "../../node_modules/@capacitor/ios"
  CapacitorDialog:
    :path: "../../node_modules/@capacitor/dialog"
  CapacitorHaptics:
    :path: "../../node_modules/@capacitor/haptics"
  CapacitorNetwork:
    :path: "../../node_modules/@capacitor/network"
  CapacitorPreferences:
    :path: "../../node_modules/@capacitor/preferences"
  CapacitorStatusBar:
    :path: "../../node_modules/@capacitor/status-bar"
  CordovaPlugins:
    :path: "../capacitor-cordova-ios-plugins"
  WebnativellcCapacitorFilesharer:
    :path: "../../node_modules/@webnativellc/capacitor-filesharer"

SPEC CHECKSUMS:
  Alamofire: 7193b3b92c74a07f85569e1a6c4f4237291e7496
  Capacitor: e9708b186e71dc45f9b2ee72e826b7389fb79ff2
  CapacitorApp: f01a913211780e0718dae9750442c3e23f96e106
  CapacitorBrowser: 6d09f59655e89aede71654ef08b98de55cf032b6
  CapacitorClipboard: d1f123674cf413125db816a45e8f70e8770972fc
  CapacitorCommunityKeepAwake: 05c75aab989f60e621870cf03b24a144a5544c30
  CapacitorCommunityVolumeButtons: 1b84f7abf29cd9476cef9e8979b2854a64d2eed5
  CapacitorCordova: 2b36392a7292c3c451dcae154185ee8804d7b6b3
  CapacitorDialog: 508267e5708ab1744288e4d8059336b8dea59abe
  CapacitorHaptics: 1b145fa83c622e5383a3bac04ea81e2514f0b0f5
  CapacitorNetwork: b719d692a8d1310da8d26d6648d3aa1ef1e100e1
  CapacitorPreferences: 69d9991307507aeab8ef8019c10b9babfda0e9ca
  CapacitorStatusBar: 416e9e53fd6397e668d4a181cd2131617d949bd6
  CordovaPlugins: 2ecbba09775516c41764dbf78ade612427311b7e
  Realm: b1b3bc68162fa242132eb7eefbf91d7c40f36a85
  RealmSwift: 456cfd82a4f23dff8e3456980999331ab69bbf3e
  WebnativellcCapacitorFilesharer: e3a5930240633db3335040251d66aac6762ff111

PODFILE CHECKSUM: 9de8874c68c1977d953af94098dc981e0a397d4a

COCOAPODS: 1.16.2
